
Microsoft Visual Studio Solution File, Format Version 12.00
# Visual Studio Version 16
VisualStudioVersion = 16.0.30503.244
MinimumVisualStudioVersion = 10.0.40219.1
Project("{FAE04EC0-301F-11D3-BF4B-00C04F79EFBC}") = "PereselkovExam", "PereselkovExam\PereselkovExam.csproj", "{F834F2FF-3941-48D8-AD28-C38B90E0789A}"
EndProject
Global
	GlobalSection(SolutionConfigurationPlatforms) = preSolution
		Debug|Any CPU = Debug|Any CPU
		Release|Any CPU = Release|Any CPU
	EndGlobalSection
	GlobalSection(ProjectConfigurationPlatforms) = postSolution
		{F834F2FF-3941-48D8-AD28-C38B90E0789A}.Debug|Any CPU.ActiveCfg = Debug|Any CPU
		{F834F2FF-3941-48D8-AD28-C38B90E0789A}.Debug|Any CPU.Build.0 = Debug|Any CPU
		{F834F2FF-3941-48D8-AD28-C38B90E0789A}.Release|Any CPU.ActiveCfg = Release|Any CPU
		{F834F2FF-3941-48D8-AD28-C38B90E0789A}.Release|Any CPU.Build.0 = Release|Any CPU
	EndGlobalSection
	GlobalSection(SolutionProperties) = preSolution
		HideSolutionNode = FALSE
	EndGlobalSection
	GlobalSection(ExtensibilityGlobals) = postSolution
		SolutionGuid = {69A9400E-864E-4AC0-B24B-5FD7D7F09220}
	EndGlobalSection
EndGlobal
